
Microsoft Visual Studio Solution File, Format Version 12.00
# Visual Studio 15
VisualStudioVersion = 15.0.27703.2026
MinimumVisualStudioVersion = 10.0.40219.1
Project("{FAE04EC0-301F-11D3-BF4B-00C04F79EFBC}") = "IdentityServerWithMvc", "IdentityServerWithMvc\IdentityServerWithMvc.csproj", "{CE3B777D-3F65-42C5-8544-17C5B8388B72}"
EndProject
Global
	GlobalSection(SolutionConfigurationPlatforms) = preSolution
		Debug|Any CPU = Debug|Any CPU
		Release|Any CPU = Release|Any CPU
	EndGlobalSection
	GlobalSection(ProjectConfigurationPlatforms) = postSolution
		{CE3B777D-3F65-42C5-8544-17C5B8388B72}.Debug|Any CPU.ActiveCfg = Debug|Any CPU
		{CE3B777D-3F65-42C5-8544-17C5B8388B72}.Debug|Any CPU.Build.0 = Debug|Any CPU
		{CE3B777D-3F65-42C5-8544-17C5B8388B72}.Release|Any CPU.ActiveCfg = Release|Any CPU
		{CE3B777D-3F65-42C5-8544-17C5B8388B72}.Release|Any CPU.Build.0 = Release|Any CPU
	EndGlobalSection
	GlobalSection(SolutionProperties) = preSolution
		HideSolutionNode = FALSE
	EndGlobalSection
	GlobalSection(ExtensibilityGlobals) = postSolution
		SolutionGuid = {3FBDA6D5-CA56-449D-BA34-9F1CC99C9BE5}
	EndGlobalSection
EndGlobal
